
Microsoft Visual Studio Solution File, Format Version 12.00
# Visual Studio Version 16
VisualStudioVersion = 16.0.30621.155
MinimumVisualStudioVersion = 10.0.40219.1
Project("{FAE04EC0-301F-11D3-BF4B-00C04F79EFBC}") = "Dividas e Pessoas", "Dividas e Pessoas\Dividas e Pessoas.csproj", "{AA59CC4F-4B63-468C-87E5-E405696BBF43}"
EndProject
Global
	GlobalSection(SolutionConfigurationPlatforms) = preSolution
		Debug|Any CPU = Debug|Any CPU
		Release|Any CPU = Release|Any CPU
	EndGlobalSection
	GlobalSection(ProjectConfigurationPlatforms) = postSolution
		{AA59CC4F-4B63-468C-87E5-E405696BBF43}.Debug|Any CPU.ActiveCfg = Debug|Any CPU
		{AA59CC4F-4B63-468C-87E5-E405696BBF43}.Debug|Any CPU.Build.0 = Debug|Any CPU
		{AA59CC4F-4B63-468C-87E5-E405696BBF43}.Release|Any CPU.ActiveCfg = Release|Any CPU
		{AA59CC4F-4B63-468C-87E5-E405696BBF43}.Release|Any CPU.Build.0 = Release|Any CPU
	EndGlobalSection
	GlobalSection(SolutionProperties) = preSolution
		HideSolutionNode = FALSE
	EndGlobalSection
	GlobalSection(ExtensibilityGlobals) = postSolution
		SolutionGuid = {1143A9D9-5FCF-4102-8B52-12A894C2099D}
	EndGlobalSection
EndGlobal
